
Microsoft Visual Studio Solution File, Format Version 12.00
# Visual Studio Version 17
VisualStudioVersion = 17.4.33103.184
MinimumVisualStudioVersion = 10.0.40219.1
Project("{FAE04EC0-301F-11D3-BF4B-00C04F79EFBC}") = "AttendaceManagementSystemWebAPI", "AttendaceManagementSystemWebAPI.csproj", "{2A95FE03-04C2-40AF-8235-152EFB02E940}"
EndProject
Global
	GlobalSection(SolutionConfigurationPlatforms) = preSolution
		Debug|Any CPU = Debug|Any CPU
		Release|Any CPU = Release|Any CPU
	EndGlobalSection
	GlobalSection(ProjectConfigurationPlatforms) = postSolution
		{2A95FE03-04C2-40AF-8235-152EFB02E940}.Debug|Any CPU.ActiveCfg = Debug|Any CPU
		{2A95FE03-04C2-40AF-8235-152EFB02E940}.Debug|Any CPU.Build.0 = Debug|Any CPU
		{2A95FE03-04C2-40AF-8235-152EFB02E940}.Release|Any CPU.ActiveCfg = Release|Any CPU
		{2A95FE03-04C2-40AF-8235-152EFB02E940}.Release|Any CPU.Build.0 = Release|Any CPU
	EndGlobalSection
	GlobalSection(SolutionProperties) = preSolution
		HideSolutionNode = FALSE
	EndGlobalSection
	GlobalSection(ExtensibilityGlobals) = postSolution
		SolutionGuid = {901DAA51-27EC-4434-B489-DFD6EF17B59A}
	EndGlobalSection
EndGlobal
